
Microsoft Visual Studio Solution File, Format Version 12.00
# Visual Studio Version 17
VisualStudioVersion = 17.14.36705.20
MinimumVisualStudioVersion = 10.0.40219.1
Project("{FAE04EC0-301F-11D3-BF4B-00C04F79EFBC}") = "Exercise-4-memory-management", "Exercise-4-memory-management\Exercise-4-memory-management.csproj", "{811AF5C6-F57C-3509-B057-3F084E9E86BB}"
EndProject
Global
	GlobalSection(SolutionConfigurationPlatforms) = preSolution
		Debug|Any CPU = Debug|Any CPU
		Release|Any CPU = Release|Any CPU
	EndGlobalSection
	GlobalSection(ProjectConfigurationPlatforms) = postSolution
		{811AF5C6-F57C-3509-B057-3F084E9E86BB}.Debug|Any CPU.ActiveCfg = Debug|Any CPU
		{811AF5C6-F57C-3509-B057-3F084E9E86BB}.Debug|Any CPU.Build.0 = Debug|Any CPU
		{811AF5C6-F57C-3509-B057-3F084E9E86BB}.Release|Any CPU.ActiveCfg = Release|Any CPU
		{811AF5C6-F57C-3509-B057-3F084E9E86BB}.Release|Any CPU.Build.0 = Release|Any CPU
	EndGlobalSection
	GlobalSection(SolutionProperties) = preSolution
		HideSolutionNode = FALSE
	EndGlobalSection
	GlobalSection(ExtensibilityGlobals) = postSolution
		SolutionGuid = {702AB9AE-6B68-436D-8238-FCB5A9523161}
	EndGlobalSection
EndGlobal
